// !$*UTF8*$!
{
	archiveVersion = 1;
	classes = {
	};
	objectVersion = 46;
	objects = {

/* Begin PBXBuildFile section */
		BF14BD5D19ED8F1600097FEA /* AEExpanderFilter.m in Sources */ = {isa = PBXBuildFile; fileRef = BF14BD4C19ED8F1600097FEA /* AEExpanderFilter.m */; };
		BF14BD5E19ED8F1600097FEA /* AELimiter.m in Sources */ = {isa = PBXBuildFile; fileRef = BF14BD4E19ED8F1600097FEA /* AELimiter.m */; };
		BF14BD5F19ED8F1600097FEA /* AELimiterFilter.m in Sources */ = {isa = PBXBuildFile; fileRef = BF14BD5019ED8F1600097FEA /* AELimiterFilter.m */; };
		BF14BD6019ED8F1600097FEA /* AEMixerBuffer.m in Sources */ = {isa = PBXBuildFile; fileRef = BF14BD5219ED8F1600097FEA /* AEMixerBuffer.m */; };
		BF14BD6119ED8F1600097FEA /* AEPlaythroughChannel.m in Sources */ = {isa = PBXBuildFile; fileRef = BF14BD5419ED8F1600097FEA /* AEPlaythroughChannel.m */; };
		BF14BD6219ED8F1600097FEA /* AERecorder.m in Sources */ = {isa = PBXBuildFile; fileRef = BF14BD5619ED8F1600097FEA /* AERecorder.m */; };
		BF14BD6319ED8F1600097FEA /* README.markdown in Resources */ = {isa = PBXBuildFile; fileRef = BF14BD5819ED8F1600097FEA /* README.markdown */; };
		BF14BD6419ED8F1600097FEA /* TPCircularBuffer+AudioBufferList.c in Sources */ = {isa = PBXBuildFile; fileRef = BF14BD5919ED8F1600097FEA /* TPCircularBuffer+AudioBufferList.c */; };
		BF14BD6519ED8F1600097FEA /* TPCircularBuffer.c in Sources */ = {isa = PBXBuildFile; fileRef = BF14BD5B19ED8F1600097FEA /* TPCircularBuffer.c */; };
		BF26827A19F7813F0073B50B /* DoReMi.mp3 in Resources */ = {isa = PBXBuildFile; fileRef = BF26825C19F7813F0073B50B /* DoReMi.mp3 */; };
		BF26827B19F7813F0073B50B /* DoubleBassA3.wav in Resources */ = {isa = PBXBuildFile; fileRef = BF26825E19F7813F0073B50B /* DoubleBassA3.wav */; };
		BF26827C19F7813F0073B50B /* DoubleBassB3.wav in Resources */ = {isa = PBXBuildFile; fileRef = BF26825F19F7813F0073B50B /* DoubleBassB3.wav */; };
		BF26827D19F7813F0073B50B /* DoubleBassC3.wav in Resources */ = {isa = PBXBuildFile; fileRef = BF26826019F7813F0073B50B /* DoubleBassC3.wav */; };
		BF26827E19F7813F0073B50B /* DoubleBassC4.wav in Resources */ = {isa = PBXBuildFile; fileRef = BF26826119F7813F0073B50B /* DoubleBassC4.wav */; };
		BF26827F19F7813F0073B50B /* DoubleBassD3.wav in Resources */ = {isa = PBXBuildFile; fileRef = BF26826219F7813F0073B50B /* DoubleBassD3.wav */; };
		BF26828019F7813F0073B50B /* DoubleBassE3.wav in Resources */ = {isa = PBXBuildFile; fileRef = BF26826319F7813F0073B50B /* DoubleBassE3.wav */; };
		BF26828119F7813F0073B50B /* DoubleBassF3.wav in Resources */ = {isa = PBXBuildFile; fileRef = BF26826419F7813F0073B50B /* DoubleBassF3.wav */; };
		BF26828219F7813F0073B50B /* DoubleBassG3.wav in Resources */ = {isa = PBXBuildFile; fileRef = BF26826519F7813F0073B50B /* DoubleBassG3.wav */; };
		BF26828319F7813F0073B50B /* OdetoJoy.mp3 in Resources */ = {isa = PBXBuildFile; fileRef = BF26826619F7813F0073B50B /* OdetoJoy.mp3 */; };
		BF26828419F7813F0073B50B /* Do.wav in Resources */ = {isa = PBXBuildFile; fileRef = BF26826819F7813F0073B50B /* Do.wav */; };
		BF26828519F7813F0073B50B /* Fa.wav in Resources */ = {isa = PBXBuildFile; fileRef = BF26826919F7813F0073B50B /* Fa.wav */; };
		BF26828619F7813F0073B50B /* HigherDo.wav in Resources */ = {isa = PBXBuildFile; fileRef = BF26826A19F7813F0073B50B /* HigherDo.wav */; };
		BF26828719F7813F0073B50B /* La.wav in Resources */ = {isa = PBXBuildFile; fileRef = BF26826B19F7813F0073B50B /* La.wav */; };
		BF26828819F7813F0073B50B /* Mi.wav in Resources */ = {isa = PBXBuildFile; fileRef = BF26826C19F7813F0073B50B /* Mi.wav */; };
		BF26828919F7813F0073B50B /* Re.wav in Resources */ = {isa = PBXBuildFile; fileRef = BF26826D19F7813F0073B50B /* Re.wav */; };
		BF26828A19F7813F0073B50B /* So.wav in Resources */ = {isa = PBXBuildFile; fileRef = BF26826E19F7813F0073B50B /* So.wav */; };
		BF26828B19F7813F0073B50B /* Ti.wav in Resources */ = {isa = PBXBuildFile; fileRef = BF26826F19F7813F0073B50B /* Ti.wav */; };
		BF26828C19F7813F0073B50B /* Bump.wav in Resources */ = {isa = PBXBuildFile; fileRef = BF26827119F7813F0073B50B /* Bump.wav */; };
		BF26828D19F7813F0073B50B /* Coin.wav in Resources */ = {isa = PBXBuildFile; fileRef = BF26827219F7813F0073B50B /* Coin.wav */; };
		BF26828E19F7813F0073B50B /* Flagpole.wav in Resources */ = {isa = PBXBuildFile; fileRef = BF26827319F7813F0073B50B /* Flagpole.wav */; };
		BF26828F19F7813F0073B50B /* Jump.wav in Resources */ = {isa = PBXBuildFile; fileRef = BF26827419F7813F0073B50B /* Jump.wav */; };
		BF26829019F7813F0073B50B /* MarioDie.wav in Resources */ = {isa = PBXBuildFile; fileRef = BF26827519F7813F0073B50B /* MarioDie.wav */; };
		BF26829119F7813F0073B50B /* PowerUp.wav in Resources */ = {isa = PBXBuildFile; fileRef = BF26827619F7813F0073B50B /* PowerUp.wav */; };
		BF26829219F7813F0073B50B /* StageClear.wav in Resources */ = {isa = PBXBuildFile; fileRef = BF26827719F7813F0073B50B /* StageClear.wav */; };
		BF26829319F7813F0073B50B /* Stomp.wav in Resources */ = {isa = PBXBuildFile; fileRef = BF26827819F7813F0073B50B /* Stomp.wav */; };
		BF26829419F7813F0073B50B /* SuperMarioBrosFull.mp3 in Resources */ = {isa = PBXBuildFile; fileRef = BF26827919F7813F0073B50B /* SuperMarioBrosFull.mp3 */; };
		BF26829719F781870073B50B /* UIButton+DBPad.m in Sources */ = {isa = PBXBuildFile; fileRef = BF26829619F781870073B50B /* UIButton+DBPad.m */; };
		BF30598C19E918AC00E2BCC1 /* AVFoundation.framework in Frameworks */ = {isa = PBXBuildFile; fileRef = BF30598B19E918AC00E2BCC1 /* AVFoundation.framework */; };
		BFADCF3919EA8A490061620A /* libTheAmazingAudioEngine.a in Frameworks */ = {isa = PBXBuildFile; fileRef = BFADCF3619EA8A200061620A /* libTheAmazingAudioEngine.a */; };
		BFADCF3B19EA8A5C0061620A /* AudioToolbox.framework in Frameworks */ = {isa = PBXBuildFile; fileRef = BFADCF3A19EA8A5C0061620A /* AudioToolbox.framework */; };
		BFADCF3D19EA8A630061620A /* Accelerate.framework in Frameworks */ = {isa = PBXBuildFile; fileRef = BFADCF3C19EA8A630061620A /* Accelerate.framework */; };
		BFC2629219E66C73007535BB /* Foundation.framework in Frameworks */ = {isa = PBXBuildFile; fileRef = BFC2629119E66C73007535BB /* Foundation.framework */; };
		BFC2629419E66C73007535BB /* CoreGraphics.framework in Frameworks */ = {isa = PBXBuildFile; fileRef = BFC2629319E66C73007535BB /* CoreGraphics.framework */; };
		BFC2629619E66C73007535BB /* UIKit.framework in Frameworks */ = {isa = PBXBuildFile; fileRef = BFC2629519E66C73007535BB /* UIKit.framework */; };
		BFC2629C19E66C73007535BB /* InfoPlist.strings in Resources */ = {isa = PBXBuildFile; fileRef = BFC2629A19E66C73007535BB /* InfoPlist.strings */; };
		BFC2629E19E66C73007535BB /* main.m in Sources */ = {isa = PBXBuildFile; fileRef = BFC2629D19E66C73007535BB /* main.m */; };
		BFC262A219E66C73007535BB /* AppDelegate.m in Sources */ = {isa = PBXBuildFile; fileRef = BFC262A119E66C73007535BB /* AppDelegate.m */; };
		BFC262A519E66C73007535BB /* Main_iPhone.storyboard in Resources */ = {isa = PBXBuildFile; fileRef = BFC262A319E66C73007535BB /* Main_iPhone.storyboard */; };
		BFC262A819E66C73007535BB /* Main_iPad.storyboard in Resources */ = {isa = PBXBuildFile; fileRef = BFC262A619E66C73007535BB /* Main_iPad.storyboard */; };
		BFC262AB19E66C73007535BB /* ViewController.m in Sources */ = {isa = PBXBuildFile; fileRef = BFC262AA19E66C73007535BB /* ViewController.m */; };
		BFC262AD19E66C73007535BB /* Images.xcassets in Resources */ = {isa = PBXBuildFile; fileRef = BFC262AC19E66C73007535BB /* Images.xcassets */; };
		BFC262B419E66C73007535BB /* XCTest.framework in Frameworks */ = {isa = PBXBuildFile; fileRef = BFC262B319E66C73007535BB /* XCTest.framework */; };
		BFC262B519E66C73007535BB /* Foundation.framework in Frameworks */ = {isa = PBXBuildFile; fileRef = BFC2629119E66C73007535BB /* Foundation.framework */; };
		BFC262B619E66C73007535BB /* UIKit.framework in Frameworks */ = {isa = PBXBuildFile; fileRef = BFC2629519E66C73007535BB /* UIKit.framework */; };
		BFC262BE19E66C73007535BB /* InfoPlist.strings in Resources */ = {isa = PBXBuildFile; fileRef = BFC262BC19E66C73007535BB /* InfoPlist.strings */; };
		BFC262C019E66C73007535BB /* Dirty_BitTests.m in Sources */ = {isa = PBXBuildFile; fileRef = BFC262BF19E66C73007535BB /* Dirty_BitTests.m */; };
/* End PBXBuildFile section */

/* Begin PBXContainerItemProxy section */
		BFADCF3519EA8A200061620A /* PBXContainerItemProxy */ = {
			isa = PBXContainerItemProxy;
			containerPortal = BFADCF3119EA8A200061620A /* TheAmazingAudioEngine.xcodeproj */;
			proxyType = 2;
			remoteGlobalIDString = 4C215CEC1523A7D500D36CAD;
			remoteInfo = TheAmazingAudioEngine;
		};
		BFADCF3719EA8A3E0061620A /* PBXContainerItemProxy */ = {
			isa = PBXContainerItemProxy;
			containerPortal = BFADCF3119EA8A200061620A /* TheAmazingAudioEngine.xcodeproj */;
			proxyType = 1;
			remoteGlobalIDString = 4C215CEB1523A7D500D36CAD;
			remoteInfo = TheAmazingAudioEngine;
		};
		BFC262B719E66C73007535BB /* PBXContainerItemProxy */ = {
			isa = PBXContainerItemProxy;
			containerPortal = BFC2628619E66C73007535BB /* Project object */;
			proxyType = 1;
			remoteGlobalIDString = BFC2628D19E66C73007535BB;
			remoteInfo = "Dirty Bit";
		};
/* End PBXContainerItemProxy section */

/* Begin PBXFileReference section */
		BF14BD4B19ED8F1600097FEA /* AEExpanderFilter.h */ = {isa = PBXFileReference; fileEncoding = 4; lastKnownFileType = sourcecode.c.h; path = AEExpanderFilter.h; sourceTree = "<group>"; };
		BF14BD4C19ED8F1600097FEA /* AEExpanderFilter.m */ = {isa = PBXFileReference; fileEncoding = 4; lastKnownFileType = sourcecode.c.objc; path = AEExpanderFilter.m; sourceTree = "<group>"; };
		BF14BD4D19ED8F1600097FEA /* AELimiter.h */ = {isa = PBXFileReference; fileEncoding = 4; lastKnownFileType = sourcecode.c.h; path = AELimiter.h; sourceTree = "<group>"; };
		BF14BD4E19ED8F1600097FEA /* AELimiter.m */ = {isa = PBXFileReference; fileEncoding = 4; lastKnownFileType = sourcecode.c.objc; path = AELimiter.m; sourceTree = "<group>"; };
		BF14BD4F19ED8F1600097FEA /* AELimiterFilter.h */ = {isa = PBXFileReference; fileEncoding = 4; lastKnownFileType = sourcecode.c.h; path = AELimiterFilter.h; sourceTree = "<group>"; };
		BF14BD5019ED8F1600097FEA /* AELimiterFilter.m */ = {isa = PBXFileReference; fileEncoding = 4; lastKnownFileType = sourcecode.c.objc; path = AELimiterFilter.m; sourceTree = "<group>"; };
		BF14BD5119ED8F1600097FEA /* AEMixerBuffer.h */ = {isa = PBXFileReference; fileEncoding = 4; lastKnownFileType = sourcecode.c.h; path = AEMixerBuffer.h; sourceTree = "<group>"; };
		BF14BD5219ED8F1600097FEA /* AEMixerBuffer.m */ = {isa = PBXFileReference; fileEncoding = 4; lastKnownFileType = sourcecode.c.objc; path = AEMixerBuffer.m; sourceTree = "<group>"; };
		BF14BD5319ED8F1600097FEA /* AEPlaythroughChannel.h */ = {isa = PBXFileReference; fileEncoding = 4; lastKnownFileType = sourcecode.c.h; path = AEPlaythroughChannel.h; sourceTree = "<group>"; };
		BF14BD5419ED8F1600097FEA /* AEPlaythroughChannel.m */ = {isa = PBXFileReference; fileEncoding = 4; lastKnownFileType = sourcecode.c.objc; path = AEPlaythroughChannel.m; sourceTree = "<group>"; };
		BF14BD5519ED8F1600097FEA /* AERecorder.h */ = {isa = PBXFileReference; fileEncoding = 4; lastKnownFileType = sourcecode.c.h; path = AERecorder.h; sourceTree = "<group>"; };
		BF14BD5619ED8F1600097FEA /* AERecorder.m */ = {isa = PBXFileReference; fileEncoding = 4; lastKnownFileType = sourcecode.c.objc; path = AERecorder.m; sourceTree = "<group>"; };
		BF14BD5819ED8F1600097FEA /* README.markdown */ = {isa = PBXFileReference; fileEncoding = 4; lastKnownFileType = text; path = README.markdown; sourceTree = "<group>"; };
		BF14BD5919ED8F1600097FEA /* TPCircularBuffer+AudioBufferList.c */ = {isa = PBXFileReference; fileEncoding = 4; lastKnownFileType = sourcecode.c.c; path = "TPCircularBuffer+AudioBufferList.c"; sourceTree = "<group>"; };
		BF14BD5A19ED8F1600097FEA /* TPCircularBuffer+AudioBufferList.h */ = {isa = PBXFileReference; fileEncoding = 4; lastKnownFileType = sourcecode.c.h; path = "TPCircularBuffer+AudioBufferList.h"; sourceTree = "<group>"; };
		BF14BD5B19ED8F1600097FEA /* TPCircularBuffer.c */ = {isa = PBXFileReference; fileEncoding = 4; lastKnownFileType = sourcecode.c.c; path = TPCircularBuffer.c; sourceTree = "<group>"; };
		BF14BD5C19ED8F1600097FEA /* TPCircularBuffer.h */ = {isa = PBXFileReference; fileEncoding = 4; lastKnownFileType = sourcecode.c.h; path = TPCircularBuffer.h; sourceTree = "<group>"; };
		BF26825C19F7813F0073B50B /* DoReMi.mp3 */ = {isa = PBXFileReference; lastKnownFileType = audio.mp3; path = DoReMi.mp3; sourceTree = "<group>"; };
		BF26825E19F7813F0073B50B /* DoubleBassA3.wav */ = {isa = PBXFileReference; lastKnownFileType = audio.wav; path = DoubleBassA3.wav; sourceTree = "<group>"; };
		BF26825F19F7813F0073B50B /* DoubleBassB3.wav */ = {isa = PBXFileReference; lastKnownFileType = audio.wav; path = DoubleBassB3.wav; sourceTree = "<group>"; };
		BF26826019F7813F0073B50B /* DoubleBassC3.wav */ = {isa = PBXFileReference; lastKnownFileType = audio.wav; path = DoubleBassC3.wav; sourceTree = "<group>"; };
		BF26826119F7813F0073B50B /* DoubleBassC4.wav */ = {isa = PBXFileReference; lastKnownFileType = audio.wav; path = DoubleBassC4.wav; sourceTree = "<group>"; };
		BF26826219F7813F0073B50B /* DoubleBassD3.wav */ = {isa = PBXFileReference; lastKnownFileType = audio.wav; path = DoubleBassD3.wav; sourceTree = "<group>"; };
		BF26826319F7813F0073B50B /* DoubleBassE3.wav */ = {isa = PBXFileReference; lastKnownFileType = audio.wav; path = DoubleBassE3.wav; sourceTree = "<group>"; };
		BF26826419F7813F0073B50B /* DoubleBassF3.wav */ = {isa = PBXFileReference; lastKnownFileType = audio.wav; path = DoubleBassF3.wav; sourceTree = "<group>"; };
		BF26826519F7813F0073B50B /* DoubleBassG3.wav */ = {isa = PBXFileReference; lastKnownFileType = audio.wav; path = DoubleBassG3.wav; sourceTree = "<group>"; };
		BF26826619F7813F0073B50B /* OdetoJoy.mp3 */ = {isa = PBXFileReference; lastKnownFileType = audio.mp3; path = OdetoJoy.mp3; sourceTree = "<group>"; };
		BF26826819F7813F0073B50B /* Do.wav */ = {isa = PBXFileReference; lastKnownFileType = audio.wav; path = Do.wav; sourceTree = "<group>"; };
		BF26826919F7813F0073B50B /* Fa.wav */ = {isa = PBXFileReference; lastKnownFileType = audio.wav; path = Fa.wav; sourceTree = "<group>"; };
		BF26826A19F7813F0073B50B /* HigherDo.wav */ = {isa = PBXFileReference; lastKnownFileType = audio.wav; path = HigherDo.wav; sourceTree = "<group>"; };
		BF26826B19F7813F0073B50B /* La.wav */ = {isa = PBXFileReference; lastKnownFileType = audio.wav; path = La.wav; sourceTree = "<group>"; };
		BF26826C19F7813F0073B50B /* Mi.wav */ = {isa = PBXFileReference; lastKnownFileType = audio.wav; path = Mi.wav; sourceTree = "<group>"; };
		BF26826D19F7813F0073B50B /* Re.wav */ = {isa = PBXFileReference; lastKnownFileType = audio.wav; path = Re.wav; sourceTree = "<group>"; };
		BF26826E19F7813F0073B50B /* So.wav */ = {isa = PBXFileReference; lastKnownFileType = audio.wav; path = So.wav; sourceTree = "<group>"; };
		BF26826F19F7813F0073B50B /* Ti.wav */ = {isa = PBXFileReference; lastKnownFileType = audio.wav; path = Ti.wav; sourceTree = "<group>"; };
		BF26827119F7813F0073B50B /* Bump.wav */ = {isa = PBXFileReference; lastKnownFileType = audio.wav; path = Bump.wav; sourceTree = "<group>"; };
		BF26827219F7813F0073B50B /* Coin.wav */ = {isa = PBXFileReference; lastKnownFileType = audio.wav; path = Coin.wav; sourceTree = "<group>"; };
		BF26827319F7813F0073B50B /* Flagpole.wav */ = {isa = PBXFileReference; lastKnownFileType = audio.wav; path = Flagpole.wav; sourceTree = "<group>"; };
		BF26827419F7813F0073B50B /* Jump.wav */ = {isa = PBXFileReference; lastKnownFileType = audio.wav; path = Jump.wav; sourceTree = "<group>"; };
		BF26827519F7813F0073B50B /* MarioDie.wav */ = {isa = PBXFileReference; lastKnownFileType = audio.wav; path = MarioDie.wav; sourceTree = "<group>"; };
		BF26827619F7813F0073B50B /* PowerUp.wav */ = {isa = PBXFileReference; lastKnownFileType = audio.wav; path = PowerUp.wav; sourceTree = "<group>"; };
		BF26827719F7813F0073B50B /* StageClear.wav */ = {isa = PBXFileReference; lastKnownFileType = audio.wav; path = StageClear.wav; sourceTree = "<group>"; };
		BF26827819F7813F0073B50B /* Stomp.wav */ = {isa = PBXFileReference; lastKnownFileType = audio.wav; path = Stomp.wav; sourceTree = "<group>"; };
		BF26827919F7813F0073B50B /* SuperMarioBrosFull.mp3 */ = {isa = PBXFileReference; lastKnownFileType = audio.mp3; path = SuperMarioBrosFull.mp3; sourceTree = "<group>"; };
		BF26829519F781870073B50B /* UIButton+DBPad.h */ = {isa = PBXFileReference; fileEncoding = 4; lastKnownFileType = sourcecode.c.h; path = "UIButton+DBPad.h"; sourceTree = "<group>"; };
		BF26829619F781870073B50B /* UIButton+DBPad.m */ = {isa = PBXFileReference; fileEncoding = 4; lastKnownFileType = sourcecode.c.objc; path = "UIButton+DBPad.m"; sourceTree = "<group>"; };
		BF30598B19E918AC00E2BCC1 /* AVFoundation.framework */ = {isa = PBXFileReference; lastKnownFileType = wrapper.framework; name = AVFoundation.framework; path = System/Library/Frameworks/AVFoundation.framework; sourceTree = SDKROOT; };
		BFADCF3119EA8A200061620A /* TheAmazingAudioEngine.xcodeproj */ = {isa = PBXFileReference; lastKnownFileType = "wrapper.pb-project"; name = TheAmazingAudioEngine.xcodeproj; path = "The Amazing Audio Engine/TheAmazingAudioEngine.xcodeproj"; sourceTree = "<group>"; };
		BFADCF3A19EA8A5C0061620A /* AudioToolbox.framework */ = {isa = PBXFileReference; lastKnownFileType = wrapper.framework; name = AudioToolbox.framework; path = System/Library/Frameworks/AudioToolbox.framework; sourceTree = SDKROOT; };
		BFADCF3C19EA8A630061620A /* Accelerate.framework */ = {isa = PBXFileReference; lastKnownFileType = wrapper.framework; name = Accelerate.framework; path = System/Library/Frameworks/Accelerate.framework; sourceTree = SDKROOT; };
		BFC2628E19E66C73007535BB /* Dirty Bit.app */ = {isa = PBXFileReference; explicitFileType = wrapper.application; includeInIndex = 0; path = "Dirty Bit.app"; sourceTree = BUILT_PRODUCTS_DIR; };
		BFC2629119E66C73007535BB /* Foundation.framework */ = {isa = PBXFileReference; lastKnownFileType = wrapper.framework; name = Foundation.framework; path = System/Library/Frameworks/Foundation.framework; sourceTree = SDKROOT; };
		BFC2629319E66C73007535BB /* CoreGraphics.framework */ = {isa = PBXFileReference; lastKnownFileType = wrapper.framework; name = CoreGraphics.framework; path = System/Library/Frameworks/CoreGraphics.framework; sourceTree = SDKROOT; };
		BFC2629519E66C73007535BB /* UIKit.framework */ = {isa = PBXFileReference; lastKnownFileType = wrapper.framework; name = UIKit.framework; path = System/Library/Frameworks/UIKit.framework; sourceTree = SDKROOT; };
		BFC2629919E66C73007535BB /* Dirty Bit-Info.plist */ = {isa = PBXFileReference; lastKnownFileType = text.plist.xml; path = "Dirty Bit-Info.plist"; sourceTree = "<group>"; };
		BFC2629B19E66C73007535BB /* en */ = {isa = PBXFileReference; lastKnownFileType = text.plist.strings; name = en; path = en.lproj/InfoPlist.strings; sourceTree = "<group>"; };
		BFC2629D19E66C73007535BB /* main.m */ = {isa = PBXFileReference; lastKnownFileType = sourcecode.c.objc; path = main.m; sourceTree = "<group>"; };
		BFC2629F19E66C73007535BB /* Dirty Bit-Prefix.pch */ = {isa = PBXFileReference; lastKnownFileType = sourcecode.c.h; path = "Dirty Bit-Prefix.pch"; sourceTree = "<group>"; };
		BFC262A019E66C73007535BB /* AppDelegate.h */ = {isa = PBXFileReference; lastKnownFileType = sourcecode.c.h; path = AppDelegate.h; sourceTree = "<group>"; };
		BFC262A119E66C73007535BB /* AppDelegate.m */ = {isa = PBXFileReference; lastKnownFileType = sourcecode.c.objc; path = AppDelegate.m; sourceTree = "<group>"; };
		BFC262A419E66C73007535BB /* Base */ = {isa = PBXFileReference; lastKnownFileType = file.storyboard; name = Base; path = Base.lproj/Main_iPhone.storyboard; sourceTree = "<group>"; };
		BFC262A719E66C73007535BB /* Base */ = {isa = PBXFileReference; lastKnownFileType = file.storyboard; name = Base; path = Base.lproj/Main_iPad.storyboard; sourceTree = "<group>"; };
		BFC262A919E66C73007535BB /* ViewController.h */ = {isa = PBXFileReference; lastKnownFileType = sourcecode.c.h; path = ViewController.h; sourceTree = "<group>"; };
		BFC262AA19E66C73007535BB /* ViewController.m */ = {isa = PBXFileReference; lastKnownFileType = sourcecode.c.objc; path = ViewController.m; sourceTree = "<group>"; };
		BFC262AC19E66C73007535BB /* Images.xcassets */ = {isa = PBXFileReference; lastKnownFileType = folder.assetcatalog; path = Images.xcassets; sourceTree = "<group>"; };
		BFC262B219E66C73007535BB /* Dirty BitTests.xctest */ = {isa = PBXFileReference; explicitFileType = wrapper.cfbundle; includeInIndex = 0; path = "Dirty BitTests.xctest"; sourceTree = BUILT_PRODUCTS_DIR; };
		BFC262B319E66C73007535BB /* XCTest.framework */ = {isa = PBXFileReference; lastKnownFileType = wrapper.framework; name = XCTest.framework; path = Library/Frameworks/XCTest.framework; sourceTree = DEVELOPER_DIR; };
		BFC262BB19E66C73007535BB /* Dirty BitTests-Info.plist */ = {isa = PBXFileReference; lastKnownFileType = text.plist.xml; path = "Dirty BitTests-Info.plist"; sourceTree = "<group>"; };
		BFC262BD19E66C73007535BB /* en */ = {isa = PBXFileReference; lastKnownFileType = text.plist.strings; name = en; path = en.lproj/InfoPlist.strings; sourceTree = "<group>"; };
		BFC262BF19E66C73007535BB /* Dirty_BitTests.m */ = {isa = PBXFileReference; lastKnownFileType = sourcecode.c.objc; path = Dirty_BitTests.m; sourceTree = "<group>"; };
/* End PBXFileReference section */

/* Begin PBXFrameworksBuildPhase section */
		BFC2628B19E66C73007535BB /* Frameworks */ = {
			isa = PBXFrameworksBuildPhase;
			buildActionMask = 2147483647;
			files = (
				BFADCF3D19EA8A630061620A /* Accelerate.framework in Frameworks */,
				BFADCF3B19EA8A5C0061620A /* AudioToolbox.framework in Frameworks */,
				BF30598C19E918AC00E2BCC1 /* AVFoundation.framework in Frameworks */,
				BFC2629419E66C73007535BB /* CoreGraphics.framework in Frameworks */,
				BFC2629219E66C73007535BB /* Foundation.framework in Frameworks */,
				BFADCF3919EA8A490061620A /* libTheAmazingAudioEngine.a in Frameworks */,
				BFC2629619E66C73007535BB /* UIKit.framework in Frameworks */,
			);
			runOnlyForDeploymentPostprocessing = 0;
		};
		BFC262AF19E66C73007535BB /* Frameworks */ = {
			isa = PBXFrameworksBuildPhase;
			buildActionMask = 2147483647;
			files = (
				BFC262B419E66C73007535BB /* XCTest.framework in Frameworks */,
				BFC262B619E66C73007535BB /* UIKit.framework in Frameworks */,
				BFC262B519E66C73007535BB /* Foundation.framework in Frameworks */,
			);
			runOnlyForDeploymentPostprocessing = 0;
		};
/* End PBXFrameworksBuildPhase section */

/* Begin PBXGroup section */
		BF14BD4A19ED8F1600097FEA /* Modules */ = {
			isa = PBXGroup;
			children = (
				BF14BD4B19ED8F1600097FEA /* AEExpanderFilter.h */,
				BF14BD4C19ED8F1600097FEA /* AEExpanderFilter.m */,
				BF14BD4D19ED8F1600097FEA /* AELimiter.h */,
				BF14BD4E19ED8F1600097FEA /* AELimiter.m */,
				BF14BD4F19ED8F1600097FEA /* AELimiterFilter.h */,
				BF14BD5019ED8F1600097FEA /* AELimiterFilter.m */,
				BF14BD5119ED8F1600097FEA /* AEMixerBuffer.h */,
				BF14BD5219ED8F1600097FEA /* AEMixerBuffer.m */,
				BF14BD5319ED8F1600097FEA /* AEPlaythroughChannel.h */,
				BF14BD5419ED8F1600097FEA /* AEPlaythroughChannel.m */,
				BF14BD5519ED8F1600097FEA /* AERecorder.h */,
				BF14BD5619ED8F1600097FEA /* AERecorder.m */,
				BF14BD5719ED8F1600097FEA /* TPCircularBuffer */,
			);
			path = Modules;
			sourceTree = "<group>";
		};
		BF14BD5719ED8F1600097FEA /* TPCircularBuffer */ = {
			isa = PBXGroup;
			children = (
				BF14BD5819ED8F1600097FEA /* README.markdown */,
				BF14BD5919ED8F1600097FEA /* TPCircularBuffer+AudioBufferList.c */,
				BF14BD5A19ED8F1600097FEA /* TPCircularBuffer+AudioBufferList.h */,
				BF14BD5B19ED8F1600097FEA /* TPCircularBuffer.c */,
				BF14BD5C19ED8F1600097FEA /* TPCircularBuffer.h */,
			);
			path = TPCircularBuffer;
			sourceTree = "<group>";
		};
		BF26825B19F7813F0073B50B /* Audio Files */ = {
			isa = PBXGroup;
			children = (
				BF26825C19F7813F0073B50B /* DoReMi.mp3 */,
				BF26825D19F7813F0073B50B /* DoubleBass */,
				BF26826619F7813F0073B50B /* OdetoJoy.mp3 */,
				BF26826719F7813F0073B50B /* Orchestra */,
				BF26827019F7813F0073B50B /* SuperMarioBros */,
			);
			path = "Audio Files";
			sourceTree = "<group>";
		};
		BF26825D19F7813F0073B50B /* DoubleBass */ = {
			isa = PBXGroup;
			children = (
				BF26825E19F7813F0073B50B /* DoubleBassA3.wav */,
				BF26825F19F7813F0073B50B /* DoubleBassB3.wav */,
				BF26826019F7813F0073B50B /* DoubleBassC3.wav */,
				BF26826119F7813F0073B50B /* DoubleBassC4.wav */,
				BF26826219F7813F0073B50B /* DoubleBassD3.wav */,
				BF26826319F7813F0073B50B /* DoubleBassE3.wav */,
				BF26826419F7813F0073B50B /* DoubleBassF3.wav */,
				BF26826519F7813F0073B50B /* DoubleBassG3.wav */,
			);
			path = DoubleBass;
			sourceTree = "<group>";
		};
		BF26826719F7813F0073B50B /* Orchestra */ = {
			isa = PBXGroup;
			children = (
				BF26826819F7813F0073B50B /* Do.wav */,
				BF26826919F7813F0073B50B /* Fa.wav */,
				BF26826A19F7813F0073B50B /* HigherDo.wav */,
				BF26826B19F7813F0073B50B /* La.wav */,
				BF26826C19F7813F0073B50B /* Mi.wav */,
				BF26826D19F7813F0073B50B /* Re.wav */,
				BF26826E19F7813F0073B50B /* So.wav */,
				BF26826F19F7813F0073B50B /* Ti.wav */,
			);
			path = Orchestra;
			sourceTree = "<group>";
		};
		BF26827019F7813F0073B50B /* SuperMarioBros */ = {
			isa = PBXGroup;
			children = (
				BF26827119F7813F0073B50B /* Bump.wav */,
				BF26827219F7813F0073B50B /* Coin.wav */,
				BF26827319F7813F0073B50B /* Flagpole.wav */,
				BF26827419F7813F0073B50B /* Jump.wav */,
				BF26827519F7813F0073B50B /* MarioDie.wav */,
				BF26827619F7813F0073B50B /* PowerUp.wav */,
				BF26827719F7813F0073B50B /* StageClear.wav */,
				BF26827819F7813F0073B50B /* Stomp.wav */,
				BF26827919F7813F0073B50B /* SuperMarioBrosFull.mp3 */,
			);
			path = SuperMarioBros;
			sourceTree = "<group>";
		};
		BFADCF3219EA8A200061620A /* Products */ = {
			isa = PBXGroup;
			children = (
				BFADCF3619EA8A200061620A /* libTheAmazingAudioEngine.a */,
			);
			name = Products;
			sourceTree = "<group>";
		};
		BFC2628519E66C73007535BB = {
			isa = PBXGroup;
			children = (
				BFADCF3119EA8A200061620A /* TheAmazingAudioEngine.xcodeproj */,
				BF14BD4A19ED8F1600097FEA /* Modules */,
				BF26825B19F7813F0073B50B /* Audio Files */,
				BFC2629719E66C73007535BB /* Dirty Bit */,
				BFC262B919E66C73007535BB /* Dirty BitTests */,
				BFC2629019E66C73007535BB /* Frameworks */,
				BFC2628F19E66C73007535BB /* Products */,
			);
			sourceTree = "<group>";
		};
		BFC2628F19E66C73007535BB /* Products */ = {
			isa = PBXGroup;
			children = (
				BFC2628E19E66C73007535BB /* Dirty Bit.app */,
				BFC262B219E66C73007535BB /* Dirty BitTests.xctest */,
			);
			name = Products;
			sourceTree = "<group>";
		};
		BFC2629019E66C73007535BB /* Frameworks */ = {
			isa = PBXGroup;
			children = (
				BFADCF3C19EA8A630061620A /* Accelerate.framework */,
				BFADCF3A19EA8A5C0061620A /* AudioToolbox.framework */,
				BF30598B19E918AC00E2BCC1 /* AVFoundation.framework */,
				BFC2629119E66C73007535BB /* Foundation.framework */,
				BFC2629319E66C73007535BB /* CoreGraphics.framework */,
				BFC2629519E66C73007535BB /* UIKit.framework */,
				BFC262B319E66C73007535BB /* XCTest.framework */,
			);
			name = Frameworks;
			sourceTree = "<group>";
		};
		BFC2629719E66C73007535BB /* Dirty Bit */ = {
			isa = PBXGroup;
			children = (
				BFC262A019E66C73007535BB /* AppDelegate.h */,
				BFC262A119E66C73007535BB /* AppDelegate.m */,
				BFC262A319E66C73007535BB /* Main_iPhone.storyboard */,
				BFC262A619E66C73007535BB /* Main_iPad.storyboard */,
				BFC262A919E66C73007535BB /* ViewController.h */,
				BFC262AA19E66C73007535BB /* ViewController.m */,
				BF26829519F781870073B50B /* UIButton+DBPad.h */,
				BF26829619F781870073B50B /* UIButton+DBPad.m */,
				BFC262AC19E66C73007535BB /* Images.xcassets */,
				BFC2629819E66C73007535BB /* Supporting Files */,
			);
			path = "Dirty Bit";
			sourceTree = "<group>";
		};
		BFC2629819E66C73007535BB /* Supporting Files */ = {
			isa = PBXGroup;
			children = (
				BFC2629919E66C73007535BB /* Dirty Bit-Info.plist */,
				BFC2629A19E66C73007535BB /* InfoPlist.strings */,
				BFC2629D19E66C73007535BB /* main.m */,
				BFC2629F19E66C73007535BB /* Dirty Bit-Prefix.pch */,
			);
			name = "Supporting Files";
			sourceTree = "<group>";
		};
		BFC262B919E66C73007535BB /* Dirty BitTests */ = {
			isa = PBXGroup;
			children = (
				BFC262BF19E66C73007535BB /* Dirty_BitTests.m */,
				BFC262BA19E66C73007535BB /* Supporting Files */,
			);
			path = "Dirty BitTests";
			sourceTree = "<group>";
		};
		BFC262BA19E66C73007535BB /* Supporting Files */ = {
			isa = PBXGroup;
			children = (
				BFC262BB19E66C73007535BB /* Dirty BitTests-Info.plist */,
				BFC262BC19E66C73007535BB /* InfoPlist.strings */,
			);
			name = "Supporting Files";
			sourceTree = "<group>";
		};
/* End PBXGroup section */

/* Begin PBXNativeTarget section */
		BFC2628D19E66C73007535BB /* Dirty Bit */ = {
			isa = PBXNativeTarget;
			buildConfigurationList = BFC262C319E66C73007535BB /* Build configuration list for PBXNativeTarget "Dirty Bit" */;
			buildPhases = (
				BFC2628A19E66C73007535BB /* Sources */,
				BFC2628B19E66C73007535BB /* Frameworks */,
				BFC2628C19E66C73007535BB /* Resources */,
			);
			buildRules = (
			);
			dependencies = (
				BFADCF3819EA8A3E0061620A /* PBXTargetDependency */,
			);
			name = "Dirty Bit";
			productName = "Dirty Bit";
			productReference = BFC2628E19E66C73007535BB /* Dirty Bit.app */;
			productType = "com.apple.product-type.application";
		};
		BFC262B119E66C73007535BB /* Dirty BitTests */ = {
			isa = PBXNativeTarget;
			buildConfigurationList = BFC262C619E66C73007535BB /* Build configuration list for PBXNativeTarget "Dirty BitTests" */;
			buildPhases = (
				BFC262AE19E66C73007535BB /* Sources */,
				BFC262AF19E66C73007535BB /* Frameworks */,
				BFC262B019E66C73007535BB /* Resources */,
			);
			buildRules = (
			);
			dependencies = (
				BFC262B819E66C73007535BB /* PBXTargetDependency */,
			);
			name = "Dirty BitTests";
			productName = "Dirty BitTests";
			productReference = BFC262B219E66C73007535BB /* Dirty BitTests.xctest */;
			productType = "com.apple.product-type.bundle.unit-test";
		};
/* End PBXNativeTarget section */

/* Begin PBXProject section */
		BFC2628619E66C73007535BB /* Project object */ = {
			isa = PBXProject;
			attributes = {
				LastUpgradeCheck = 0510;
				ORGANIZATIONNAME = wyudong;
				TargetAttributes = {
					BFC262B119E66C73007535BB = {
						TestTargetID = BFC2628D19E66C73007535BB;
					};
				};
			};
			buildConfigurationList = BFC2628919E66C73007535BB /* Build configuration list for PBXProject "Dirty Bit" */;
			compatibilityVersion = "Xcode 3.2";
			developmentRegion = English;
			hasScannedForEncodings = 0;
			knownRegions = (
				en,
				Base,
			);
			mainGroup = BFC2628519E66C73007535BB;
			productRefGroup = BFC2628F19E66C73007535BB /* Products */;
			projectDirPath = "";
			projectReferences = (
				{
					ProductGroup = BFADCF3219EA8A200061620A /* Products */;
					ProjectRef = BFADCF3119EA8A200061620A /* TheAmazingAudioEngine.xcodeproj */;
				},
			);
			projectRoot = "";
			targets = (
				BFC2628D19E66C73007535BB /* Dirty Bit */,
				BFC262B119E66C73007535BB /* Dirty BitTests */,
			);
		};
/* End PBXProject section */

/* Begin PBXReferenceProxy section */
		BFADCF3619EA8A200061620A /* libTheAmazingAudioEngine.a */ = {
			isa = PBXReferenceProxy;
			fileType = archive.ar;
			path = libTheAmazingAudioEngine.a;
			remoteRef = BFADCF3519EA8A200061620A /* PBXContainerItemProxy */;
			sourceTree = BUILT_PRODUCTS_DIR;
		};
/* End PBXReferenceProxy section */

/* Begin PBXResourcesBuildPhase section */
		BFC2628C19E66C73007535BB /* Resources */ = {
			isa = PBXResourcesBuildPhase;
			buildActionMask = 2147483647;
			files = (
				BF26828819F7813F0073B50B /* Mi.wav in Resources */,
				BF26828D19F7813F0073B50B /* Coin.wav in Resources */,
				BF26828B19F7813F0073B50B /* Ti.wav in Resources */,
				BF26829119F7813F0073B50B /* PowerUp.wav in Resources */,
				BF26829419F7813F0073B50B /* SuperMarioBrosFull.mp3 in Resources */,
				BFC262A819E66C73007535BB /* Main_iPad.storyboard in Resources */,
				BF26829219F7813F0073B50B /* StageClear.wav in Resources */,
				BF26828A19F7813F0073B50B /* So.wav in Resources */,
				BFC262AD19E66C73007535BB /* Images.xcassets in Resources */,
				BF26828719F7813F0073B50B /* La.wav in Resources */,
				BF26829319F7813F0073B50B /* Stomp.wav in Resources */,
				BF26828619F7813F0073B50B /* HigherDo.wav in Resources */,
				BF26827A19F7813F0073B50B /* DoReMi.mp3 in Resources */,
				BF26828119F7813F0073B50B /* DoubleBassF3.wav in Resources */,
				BF26827B19F7813F0073B50B /* DoubleBassA3.wav in Resources */,
				BF26828519F7813F0073B50B /* Fa.wav in Resources */,
				BF26828419F7813F0073B50B /* Do.wav in Resources */,
				BF26828919F7813F0073B50B /* Re.wav in Resources */,
				BF14BD6319ED8F1600097FEA /* README.markdown in Resources */,
				BF26827D19F7813F0073B50B /* DoubleBassC3.wav in Resources */,
				BF26827C19F7813F0073B50B /* DoubleBassB3.wav in Resources */,
				BF26828C19F7813F0073B50B /* Bump.wav in Resources */,
				BF26828E19F7813F0073B50B /* Flagpole.wav in Resources */,
				BF26827E19F7813F0073B50B /* DoubleBassC4.wav in Resources */,
				BF26828019F7813F0073B50B /* DoubleBassE3.wav in Resources */,
				BFC262A519E66C73007535BB /* Main_iPhone.storyboard in Resources */,
				BF26829019F7813F0073B50B /* MarioDie.wav in Resources */,
				BF26828F19F7813F0073B50B /* Jump.wav in Resources */,
				BFC2629C19E66C73007535BB /* InfoPlist.strings in Resources */,
				BF26828219F7813F0073B50B /* DoubleBassG3.wav in Resources */,
				BF26827F19F7813F0073B50B /* DoubleBassD3.wav in Resources */,
				BF26828319F7813F0073B50B /* OdetoJoy.mp3 in Resources */,
			);
			runOnlyForDeploymentPostprocessing = 0;
		};
		BFC262B019E66C73007535BB /* Resources */ = {
			isa = PBXResourcesBuildPhase;
			buildActionMask = 2147483647;
			files = (
				BFC262BE19E66C73007535BB /* InfoPlist.strings in Resources */,
			);
			runOnlyForDeploymentPostprocessing = 0;
		};
/* End PBXResourcesBuildPhase section */

/* Begin PBXSourcesBuildPhase section */
		BFC2628A19E66C73007535BB /* Sources */ = {
			isa = PBXSourcesBuildPhase;
			buildActionMask = 2147483647;
			files = (
				BFC262AB19E66C73007535BB /* ViewController.m in Sources */,
				BFC262A219E66C73007535BB /* AppDelegate.m in Sources */,
				BF14BD6119ED8F1600097FEA /* AEPlaythroughChannel.m in Sources */,
				BF14BD6219ED8F1600097FEA /* AERecorder.m in Sources */,
				BF14BD6419ED8F1600097FEA /* TPCircularBuffer+AudioBufferList.c in Sources */,
				BF14BD5E19ED8F1600097FEA /* AELimiter.m in Sources */,
				BF14BD6519ED8F1600097FEA /* TPCircularBuffer.c in Sources */,
				BF14BD5D19ED8F1600097FEA /* AEExpanderFilter.m in Sources */,
				BFC2629E19E66C73007535BB /* main.m in Sources */,
				BF14BD5F19ED8F1600097FEA /* AELimiterFilter.m in Sources */,
				BF14BD6019ED8F1600097FEA /* AEMixerBuffer.m in Sources */,
				BF26829719F781870073B50B /* UIButton+DBPad.m in Sources */,
			);
			runOnlyForDeploymentPostprocessing = 0;
		};
		BFC262AE19E66C73007535BB /* Sources */ = {
			isa = PBXSourcesBuildPhase;
			buildActionMask = 2147483647;
			files = (
				BFC262C019E66C73007535BB /* Dirty_BitTests.m in Sources */,
			);
			runOnlyForDeploymentPostprocessing = 0;
		};
/* End PBXSourcesBuildPhase section */

/* Begin PBXTargetDependency section */
		BFADCF3819EA8A3E0061620A /* PBXTargetDependency */ = {
			isa = PBXTargetDependency;
			name = TheAmazingAudioEngine;
			targetProxy = BFADCF3719EA8A3E0061620A /* PBXContainerItemProxy */;
		};
		BFC262B819E66C73007535BB /* PBXTargetDependency */ = {
			isa = PBXTargetDependency;
			target = BFC2628D19E66C73007535BB /* Dirty Bit */;
			targetProxy = BFC262B719E66C73007535BB /* PBXContainerItemProxy */;
		};
/* End PBXTargetDependency section */

/* Begin PBXVariantGroup section */
		BFC2629A19E66C73007535BB /* InfoPlist.strings */ = {
			isa = PBXVariantGroup;
			children = (
				BFC2629B19E66C73007535BB /* en */,
			);
			name = InfoPlist.strings;
			sourceTree = "<group>";
		};
		BFC262A319E66C73007535BB /* Main_iPhone.storyboard */ = {
			isa = PBXVariantGroup;
			children = (
				BFC262A419E66C73007535BB /* Base */,
			);
			name = Main_iPhone.storyboard;
			sourceTree = "<group>";
		};
		BFC262A619E66C73007535BB /* Main_iPad.storyboard */ = {
			isa = PBXVariantGroup;
			children = (
				BFC262A719E66C73007535BB /* Base */,
			);
			name = Main_iPad.storyboard;
			sourceTree = "<group>";
		};
		BFC262BC19E66C73007535BB /* InfoPlist.strings */ = {
			isa = PBXVariantGroup;
			children = (
				BFC262BD19E66C73007535BB /* en */,
			);
			name = InfoPlist.strings;
			sourceTree = "<group>";
		};
/* End PBXVariantGroup section */

/* Begin XCBuildConfiguration section */
		BFC262C119E66C73007535BB /* Debug */ = {
			isa = XCBuildConfiguration;
			buildSettings = {
				ALWAYS_SEARCH_USER_PATHS = NO;
				CLANG_CXX_LANGUAGE_STANDARD = "gnu++0x";
				CLANG_CXX_LIBRARY = "libc++";
				CLANG_ENABLE_MODULES = YES;
				CLANG_ENABLE_OBJC_ARC = YES;
				CLANG_WARN_BOOL_CONVERSION = YES;
				CLANG_WARN_CONSTANT_CONVERSION = YES;
				CLANG_WARN_DIRECT_OBJC_ISA_USAGE = YES_ERROR;
				CLANG_WARN_EMPTY_BODY = YES;
				CLANG_WARN_ENUM_CONVERSION = YES;
				CLANG_WARN_INT_CONVERSION = YES;
				CLANG_WARN_OBJC_ROOT_CLASS = YES_ERROR;
				CLANG_WARN__DUPLICATE_METHOD_MATCH = YES;
				"CODE_SIGN_IDENTITY[sdk=iphoneos*]" = "iPhone Developer";
				COPY_PHASE_STRIP = NO;
				GCC_C_LANGUAGE_STANDARD = gnu99;
				GCC_DYNAMIC_NO_PIC = NO;
				GCC_OPTIMIZATION_LEVEL = 0;
				GCC_PREPROCESSOR_DEFINITIONS = (
					"DEBUG=1",
					"$(inherited)",
				);
				GCC_SYMBOLS_PRIVATE_EXTERN = NO;
				GCC_WARN_64_TO_32_BIT_CONVERSION = YES;
				GCC_WARN_ABOUT_RETURN_TYPE = YES_ERROR;
				GCC_WARN_UNDECLARED_SELECTOR = YES;
				GCC_WARN_UNINITIALIZED_AUTOS = YES_AGGRESSIVE;
				GCC_WARN_UNUSED_FUNCTION = YES;
				GCC_WARN_UNUSED_VARIABLE = YES;
				IPHONEOS_DEPLOYMENT_TARGET = 7.1;
				ONLY_ACTIVE_ARCH = YES;
				SDKROOT = iphoneos;
				TARGETED_DEVICE_FAMILY = "1,2";
			};
			name = Debug;
		};
		BFC262C219E66C73007535BB /* Release */ = {
			isa = XCBuildConfiguration;
			buildSettings = {
				ALWAYS_SEARCH_USER_PATHS = NO;
				CLANG_CXX_LANGUAGE_STANDARD = "gnu++0x";
				CLANG_CXX_LIBRARY = "libc++";
				CLANG_ENABLE_MODULES = YES;
				CLANG_ENABLE_OBJC_ARC = YES;
				CLANG_WARN_BOOL_CONVERSION = YES;
				CLANG_WARN_CONSTANT_CONVERSION = YES;
				CLANG_WARN_DIRECT_OBJC_ISA_USAGE = YES_ERROR;
				CLANG_WARN_EMPTY_BODY = YES;
				CLANG_WARN_ENUM_CONVERSION = YES;
				CLANG_WARN_INT_CONVERSION = YES;
				CLANG_WARN_OBJC_ROOT_CLASS = YES_ERROR;
				CLANG_WARN__DUPLICATE_METHOD_MATCH = YES;
				"CODE_SIGN_IDENTITY[sdk=iphoneos*]" = "iPhone Developer";
				COPY_PHASE_STRIP = YES;
				ENABLE_NS_ASSERTIONS = NO;
				GCC_C_LANGUAGE_STANDARD = gnu99;
				GCC_WARN_64_TO_32_BIT_CONVERSION = YES;
				GCC_WARN_ABOUT_RETURN_TYPE = YES_ERROR;
				GCC_WARN_UNDECLARED_SELECTOR = YES;
				GCC_WARN_UNINITIALIZED_AUTOS = YES_AGGRESSIVE;
				GCC_WARN_UNUSED_FUNCTION = YES;
				GCC_WARN_UNUSED_VARIABLE = YES;
				IPHONEOS_DEPLOYMENT_TARGET = 7.1;
				SDKROOT = iphoneos;
				TARGETED_DEVICE_FAMILY = "1,2";
				VALIDATE_PRODUCT = YES;
			};
			name = Release;
		};
		BFC262C419E66C73007535BB /* Debug */ = {
			isa = XCBuildConfiguration;
			buildSettings = {
				ASSETCATALOG_COMPILER_APPICON_NAME = AppIcon;
				ASSETCATALOG_COMPILER_LAUNCHIMAGE_NAME = LaunchImage;
				CODE_SIGN_IDENTITY = "iPhone Developer: Yudong Wang (5T2ML4TR79)";
				"CODE_SIGN_IDENTITY[sdk=iphoneos*]" = "iPhone Developer: Yudong Wang (5T2ML4TR79)";
				GCC_PRECOMPILE_PREFIX_HEADER = YES;
				GCC_PREFIX_HEADER = "Dirty Bit/Dirty Bit-Prefix.pch";
				HEADER_SEARCH_PATHS = (
					"$(inherited)",
					/Applications/Xcode.app/Contents/Developer/Toolchains/XcodeDefault.xctoolchain/usr/include,
					"\"$(SRCROOT)/The Amazing Audio Engine/TheAmazingAudioEngine\"",
				);
				INFOPLIST_FILE = "Dirty Bit/Dirty Bit-Info.plist";
				PRODUCT_NAME = "$(TARGET_NAME)";
				PROVISIONING_PROFILE = "14a48918-fbf0-47c4-8303-aa883f7a0245";
				WRAPPER_EXTENSION = app;
			};
			name = Debug;
		};
		BFC262C519E66C73007535BB /* Release */ = {
			isa = XCBuildConfiguration;
			buildSettings = {
				ASSETCATALOG_COMPILER_APPICON_NAME = AppIcon;
				ASSETCATALOG_COMPILER_LAUNCHIMAGE_NAME = LaunchImage;
				CODE_SIGN_IDENTITY = "iPhone Developer: Yudong Wang (5T2ML4TR79)";
				"CODE_SIGN_IDENTITY[sdk=iphoneos*]" = "iPhone Developer: Yudong Wang (5T2ML4TR79)";
				GCC_PRECOMPILE_PREFIX_HEADER = YES;
				GCC_PREFIX_HEADER = "Dirty Bit/Dirty Bit-Prefix.pch";
				HEADER_SEARCH_PATHS = (
					"$(inherited)",
					/Applications/Xcode.app/Contents/Developer/Toolchains/XcodeDefault.xctoolchain/usr/include,
					"\"$(SRCROOT)/The Amazing Audio Engine/TheAmazingAudioEngine\"",
				);
				INFOPLIST_FILE = "Dirty Bit/Dirty Bit-Info.plist";
				PRODUCT_NAME = "$(TARGET_NAME)";
				PROVISIONING_PROFILE = "14a48918-fbf0-47c4-8303-aa883f7a0245";
				WRAPPER_EXTENSION = app;
			};
			name = Release;
		};
		BFC262C719E66C73007535BB /* Debug */ = {
			isa = XCBuildConfiguration;
			buildSettings = {
				BUNDLE_LOADER = "$(BUILT_PRODUCTS_DIR)/Dirty Bit.app/Dirty Bit";
				FRAMEWORK_SEARCH_PATHS = (
					"$(SDKROOT)/Developer/Library/Frameworks",
					"$(inherited)",
					"$(DEVELOPER_FRAMEWORKS_DIR)",
				);
				GCC_PRECOMPILE_PREFIX_HEADER = YES;
				GCC_PREFIX_HEADER = "Dirty Bit/Dirty Bit-Prefix.pch";
				GCC_PREPROCESSOR_DEFINITIONS = (
					"DEBUG=1",
					"$(inherited)",
				);
				INFOPLIST_FILE = "Dirty BitTests/Dirty BitTests-Info.plist";
				PRODUCT_NAME = "$(TARGET_NAME)";
				TEST_HOST = "$(BUNDLE_LOADER)";
				WRAPPER_EXTENSION = xctest;
			};
			name = Debug;
		};
		BFC262C819E66C73007535BB /* Release */ = {
			isa = XCBuildConfiguration;
			buildSettings = {
				BUNDLE_LOADER = "$(BUILT_PRODUCTS_DIR)/Dirty Bit.app/Dirty Bit";
				FRAMEWORK_SEARCH_PATHS = (
					"$(SDKROOT)/Developer/Library/Frameworks",
					"$(inherited)",
					"$(DEVELOPER_FRAMEWORKS_DIR)",
				);
				GCC_PRECOMPILE_PREFIX_HEADER = YES;
				GCC_PREFIX_HEADER = "Dirty Bit/Dirty Bit-Prefix.pch";
				INFOPLIST_FILE = "Dirty BitTests/Dirty BitTests-Info.plist";
				PRODUCT_NAME = "$(TARGET_NAME)";
				TEST_HOST = "$(BUNDLE_LOADER)";
				WRAPPER_EXTENSION = xctest;
			};
			name = Release;
		};
/* End XCBuildConfiguration section */

/* Begin XCConfigurationList section */
		BFC2628919E66C73007535BB /* Build configuration list for PBXProject "Dirty Bit" */ = {
			isa = XCConfigurationList;
			buildConfigurations = (
				BFC262C119E66C73007535BB /* Debug */,
				BFC262C219E66C73007535BB /* Release */,
			);
			defaultConfigurationIsVisible = 0;
			defaultConfigurationName = Release;
		};
		BFC262C319E66C73007535BB /* Build configuration list for PBXNativeTarget "Dirty Bit" */ = {
			isa = XCConfigurationList;
			buildConfigurations = (
				BFC262C419E66C73007535BB /* Debug */,
				BFC262C519E66C73007535BB /* Release */,
			);
			defaultConfigurationIsVisible = 0;
			defaultConfigurationName = Release;
		};
		BFC262C619E66C73007535BB /* Build configuration list for PBXNativeTarget "Dirty BitTests" */ = {
			isa = XCConfigurationList;
			buildConfigurations = (
				BFC262C719E66C73007535BB /* Debug */,
				BFC262C819E66C73007535BB /* Release */,
			);
			defaultConfigurationIsVisible = 0;
			defaultConfigurationName = Release;
		};
/* End XCConfigurationList section */
	};
	rootObject = BFC2628619E66C73007535BB /* Project object */;
}
